// !$*UTF8*$!
{
	archiveVersion = 1;
	classes = {
	};
	objectVersion = 46;
	objects = {

/* Begin PBXBuildFile section */
		45F0F6311AA19D3E00073DF9 /* ThirdViewController.m in Sources */ = {isa = PBXBuildFile; fileRef = 45F0F6301AA19D3E00073DF9 /* ThirdViewController.m */; };
		45F0F6341AA1AF3F00073DF9 /* ProductsTableViewCell.m in Sources */ = {isa = PBXBuildFile; fileRef = 45F0F6331AA1AF3F00073DF9 /* ProductsTableViewCell.m */; };
		45F0F6371AA1B9CC00073DF9 /* ProductViewController.m in Sources */ = {isa = PBXBuildFile; fileRef = 45F0F6361AA1B9CC00073DF9 /* ProductViewController.m */; };
		45F0F63A1AA2542100073DF9 /* PayViewController.m in Sources */ = {isa = PBXBuildFile; fileRef = 45F0F6391AA2542100073DF9 /* PayViewController.m */; };
		45F0F63D1AA2709500073DF9 /* MainViewController.m in Sources */ = {isa = PBXBuildFile; fileRef = 45F0F63C1AA2709500073DF9 /* MainViewController.m */; };
		CAB4E2311AA1968B00E10C55 /* main.m in Sources */ = {isa = PBXBuildFile; fileRef = CAB4E2301AA1968B00E10C55 /* main.m */; };
		CAB4E2341AA1968B00E10C55 /* AppDelegate.m in Sources */ = {isa = PBXBuildFile; fileRef = CAB4E2331AA1968B00E10C55 /* AppDelegate.m */; };
		CAB4E2371AA1968B00E10C55 /* FirstViewController.m in Sources */ = {isa = PBXBuildFile; fileRef = CAB4E2361AA1968B00E10C55 /* FirstViewController.m */; };
		CAB4E23A1AA1968B00E10C55 /* SecondViewController.m in Sources */ = {isa = PBXBuildFile; fileRef = CAB4E2391AA1968B00E10C55 /* SecondViewController.m */; };
		CAB4E23D1AA1968B00E10C55 /* Main.storyboard in Resources */ = {isa = PBXBuildFile; fileRef = CAB4E23B1AA1968B00E10C55 /* Main.storyboard */; };
		CAB4E23F1AA1968C00E10C55 /* Images.xcassets in Resources */ = {isa = PBXBuildFile; fileRef = CAB4E23E1AA1968C00E10C55 /* Images.xcassets */; };
		CAB4E2421AA1968C00E10C55 /* LaunchScreen.xib in Resources */ = {isa = PBXBuildFile; fileRef = CAB4E2401AA1968C00E10C55 /* LaunchScreen.xib */; };
		CAB4E24E1AA1968C00E10C55 /* sameDayDeliveryTests.m in Sources */ = {isa = PBXBuildFile; fileRef = CAB4E24D1AA1968C00E10C55 /* sameDayDeliveryTests.m */; };
		CAB4E25C1AA1A15B00E10C55 /* Bolts.framework in Frameworks */ = {isa = PBXBuildFile; fileRef = CAB4E2571AA1A15B00E10C55 /* Bolts.framework */; };
		CAB4E25D1AA1A15B00E10C55 /* Parse.framework in Frameworks */ = {isa = PBXBuildFile; fileRef = CAB4E2581AA1A15B00E10C55 /* Parse.framework */; };
		CAB4E25E1AA1A15B00E10C55 /* ParseCrashReporting.framework in Frameworks */ = {isa = PBXBuildFile; fileRef = CAB4E2591AA1A15B00E10C55 /* ParseCrashReporting.framework */; };
		CAB4E25F1AA1A15B00E10C55 /* ParseFacebookUtils.framework in Frameworks */ = {isa = PBXBuildFile; fileRef = CAB4E25A1AA1A15B00E10C55 /* ParseFacebookUtils.framework */; };
		CAB4E2601AA1A15B00E10C55 /* ParseUI.framework in Frameworks */ = {isa = PBXBuildFile; fileRef = CAB4E25B1AA1A15B00E10C55 /* ParseUI.framework */; };
		CAB4E2621AA1A1A400E10C55 /* AudioToolbox.framework in Frameworks */ = {isa = PBXBuildFile; fileRef = CAB4E2611AA1A1A400E10C55 /* AudioToolbox.framework */; };
		CAB4E2641AA1A1D200E10C55 /* CFNetwork.framework in Frameworks */ = {isa = PBXBuildFile; fileRef = CAB4E2631AA1A1D200E10C55 /* CFNetwork.framework */; };
		CAB4E2661AA1A1DE00E10C55 /* CoreGraphics.framework in Frameworks */ = {isa = PBXBuildFile; fileRef = CAB4E2651AA1A1DE00E10C55 /* CoreGraphics.framework */; };
		CAB4E2681AA1A1E500E10C55 /* CoreLocation.framework in Frameworks */ = {isa = PBXBuildFile; fileRef = CAB4E2671AA1A1E500E10C55 /* CoreLocation.framework */; };
		CAB4E26A1AA1A1EC00E10C55 /* MobileCoreServices.framework in Frameworks */ = {isa = PBXBuildFile; fileRef = CAB4E2691AA1A1EC00E10C55 /* MobileCoreServices.framework */; };
		CAB4E26C1AA1A1F300E10C55 /* QuartzCore.framework in Frameworks */ = {isa = PBXBuildFile; fileRef = CAB4E26B1AA1A1F300E10C55 /* QuartzCore.framework */; };
		CAB4E26E1AA1A1FF00E10C55 /* Security.framework in Frameworks */ = {isa = PBXBuildFile; fileRef = CAB4E26D1AA1A1FF00E10C55 /* Security.framework */; };
		CAB4E2701AA1A20600E10C55 /* StoreKit.framework in Frameworks */ = {isa = PBXBuildFile; fileRef = CAB4E26F1AA1A20600E10C55 /* StoreKit.framework */; };
		CAB4E2721AA1A20D00E10C55 /* SystemConfiguration.framework in Frameworks */ = {isa = PBXBuildFile; fileRef = CAB4E2711AA1A20D00E10C55 /* SystemConfiguration.framework */; };
		CAB4E2741AA1A21200E10C55 /* libz.dylib in Frameworks */ = {isa = PBXBuildFile; fileRef = CAB4E2731AA1A21200E10C55 /* libz.dylib */; };
		CAB4E2761AA1A21E00E10C55 /* libsqlite3.dylib in Frameworks */ = {isa = PBXBuildFile; fileRef = CAB4E2751AA1A21E00E10C55 /* libsqlite3.dylib */; };
		CAB4E27A1AA1B2A300E10C55 /* ModalViewController.m in Sources */ = {isa = PBXBuildFile; fileRef = CAB4E2781AA1B2A300E10C55 /* ModalViewController.m */; };
/* End PBXBuildFile section */

/* Begin PBXContainerItemProxy section */
		CAB4E2481AA1968C00E10C55 /* PBXContainerItemProxy */ = {
			isa = PBXContainerItemProxy;
			containerPortal = CAB4E2231AA1968B00E10C55 /* Project object */;
			proxyType = 1;
			remoteGlobalIDString = CAB4E22A1AA1968B00E10C55;
			remoteInfo = sameDayDelivery;
		};
/* End PBXContainerItemProxy section */

/* Begin PBXFileReference section */
		45F0F62F1AA19D3E00073DF9 /* ThirdViewController.h */ = {isa = PBXFileReference; fileEncoding = 4; lastKnownFileType = sourcecode.c.h; path = ThirdViewController.h; sourceTree = "<group>"; };
		45F0F6301AA19D3E00073DF9 /* ThirdViewController.m */ = {isa = PBXFileReference; fileEncoding = 4; lastKnownFileType = sourcecode.c.objc; path = ThirdViewController.m; sourceTree = "<group>"; };
		45F0F6321AA1AF3F00073DF9 /* ProductsTableViewCell.h */ = {isa = PBXFileReference; fileEncoding = 4; lastKnownFileType = sourcecode.c.h; path = ProductsTableViewCell.h; sourceTree = "<group>"; };
		45F0F6331AA1AF3F00073DF9 /* ProductsTableViewCell.m */ = {isa = PBXFileReference; fileEncoding = 4; lastKnownFileType = sourcecode.c.objc; path = ProductsTableViewCell.m; sourceTree = "<group>"; };
		45F0F6351AA1B9CC00073DF9 /* ProductViewController.h */ = {isa = PBXFileReference; fileEncoding = 4; lastKnownFileType = sourcecode.c.h; path = ProductViewController.h; sourceTree = "<group>"; };
		45F0F6361AA1B9CC00073DF9 /* ProductViewController.m */ = {isa = PBXFileReference; fileEncoding = 4; lastKnownFileType = sourcecode.c.objc; path = ProductViewController.m; sourceTree = "<group>"; };
		45F0F6381AA2542100073DF9 /* PayViewController.h */ = {isa = PBXFileReference; fileEncoding = 4; lastKnownFileType = sourcecode.c.h; path = PayViewController.h; sourceTree = "<group>"; };
		45F0F6391AA2542100073DF9 /* PayViewController.m */ = {isa = PBXFileReference; fileEncoding = 4; lastKnownFileType = sourcecode.c.objc; path = PayViewController.m; sourceTree = "<group>"; };
		45F0F63B1AA2709500073DF9 /* MainViewController.h */ = {isa = PBXFileReference; fileEncoding = 4; lastKnownFileType = sourcecode.c.h; path = MainViewController.h; sourceTree = "<group>"; };
		45F0F63C1AA2709500073DF9 /* MainViewController.m */ = {isa = PBXFileReference; fileEncoding = 4; lastKnownFileType = sourcecode.c.objc; path = MainViewController.m; sourceTree = "<group>"; };
		CAB4E22B1AA1968B00E10C55 /* sameDayDelivery.app */ = {isa = PBXFileReference; explicitFileType = wrapper.application; includeInIndex = 0; path = sameDayDelivery.app; sourceTree = BUILT_PRODUCTS_DIR; };
		CAB4E22F1AA1968B00E10C55 /* Info.plist */ = {isa = PBXFileReference; lastKnownFileType = text.plist.xml; path = Info.plist; sourceTree = "<group>"; };
		CAB4E2301AA1968B00E10C55 /* main.m */ = {isa = PBXFileReference; lastKnownFileType = sourcecode.c.objc; path = main.m; sourceTree = "<group>"; };
		CAB4E2321AA1968B00E10C55 /* AppDelegate.h */ = {isa = PBXFileReference; lastKnownFileType = sourcecode.c.h; path = AppDelegate.h; sourceTree = "<group>"; };
		CAB4E2331AA1968B00E10C55 /* AppDelegate.m */ = {isa = PBXFileReference; lastKnownFileType = sourcecode.c.objc; path = AppDelegate.m; sourceTree = "<group>"; };
		CAB4E2351AA1968B00E10C55 /* FirstViewController.h */ = {isa = PBXFileReference; lastKnownFileType = sourcecode.c.h; path = FirstViewController.h; sourceTree = "<group>"; };
		CAB4E2361AA1968B00E10C55 /* FirstViewController.m */ = {isa = PBXFileReference; lastKnownFileType = sourcecode.c.objc; path = FirstViewController.m; sourceTree = "<group>"; };
		CAB4E2381AA1968B00E10C55 /* SecondViewController.h */ = {isa = PBXFileReference; lastKnownFileType = sourcecode.c.h; path = SecondViewController.h; sourceTree = "<group>"; };
		CAB4E2391AA1968B00E10C55 /* SecondViewController.m */ = {isa = PBXFileReference; lastKnownFileType = sourcecode.c.objc; path = SecondViewController.m; sourceTree = "<group>"; };
		CAB4E23C1AA1968B00E10C55 /* Base */ = {isa = PBXFileReference; lastKnownFileType = file.storyboard; name = Base; path = Base.lproj/Main.storyboard; sourceTree = "<group>"; };
		CAB4E23E1AA1968C00E10C55 /* Images.xcassets */ = {isa = PBXFileReference; lastKnownFileType = folder.assetcatalog; path = Images.xcassets; sourceTree = "<group>"; };
		CAB4E2411AA1968C00E10C55 /* Base */ = {isa = PBXFileReference; lastKnownFileType = file.xib; name = Base; path = Base.lproj/LaunchScreen.xib; sourceTree = "<group>"; };
		CAB4E2471AA1968C00E10C55 /* sameDayDeliveryTests.xctest */ = {isa = PBXFileReference; explicitFileType = wrapper.cfbundle; includeInIndex = 0; path = sameDayDeliveryTests.xctest; sourceTree = BUILT_PRODUCTS_DIR; };
		CAB4E24C1AA1968C00E10C55 /* Info.plist */ = {isa = PBXFileReference; lastKnownFileType = text.plist.xml; path = Info.plist; sourceTree = "<group>"; };
		CAB4E24D1AA1968C00E10C55 /* sameDayDeliveryTests.m */ = {isa = PBXFileReference; lastKnownFileType = sourcecode.c.objc; path = sameDayDeliveryTests.m; sourceTree = "<group>"; };
		CAB4E2571AA1A15B00E10C55 /* Bolts.framework */ = {isa = PBXFileReference; lastKnownFileType = wrapper.framework; path = Bolts.framework; sourceTree = "<group>"; };
		CAB4E2581AA1A15B00E10C55 /* Parse.framework */ = {isa = PBXFileReference; lastKnownFileType = wrapper.framework; path = Parse.framework; sourceTree = "<group>"; };
		CAB4E2591AA1A15B00E10C55 /* ParseCrashReporting.framework */ = {isa = PBXFileReference; lastKnownFileType = wrapper.framework; path = ParseCrashReporting.framework; sourceTree = "<group>"; };
		CAB4E25A1AA1A15B00E10C55 /* ParseFacebookUtils.framework */ = {isa = PBXFileReference; lastKnownFileType = wrapper.framework; path = ParseFacebookUtils.framework; sourceTree = "<group>"; };
		CAB4E25B1AA1A15B00E10C55 /* ParseUI.framework */ = {isa = PBXFileReference; lastKnownFileType = wrapper.framework; path = ParseUI.framework; sourceTree = "<group>"; };
		CAB4E2611AA1A1A400E10C55 /* AudioToolbox.framework */ = {isa = PBXFileReference; lastKnownFileType = wrapper.framework; name = AudioToolbox.framework; path = System/Library/Frameworks/AudioToolbox.framework; sourceTree = SDKROOT; };
		CAB4E2631AA1A1D200E10C55 /* CFNetwork.framework */ = {isa = PBXFileReference; lastKnownFileType = wrapper.framework; name = CFNetwork.framework; path = System/Library/Frameworks/CFNetwork.framework; sourceTree = SDKROOT; };
		CAB4E2651AA1A1DE00E10C55 /* CoreGraphics.framework */ = {isa = PBXFileReference; lastKnownFileType = wrapper.framework; name = CoreGraphics.framework; path = System/Library/Frameworks/CoreGraphics.framework; sourceTree = SDKROOT; };
		CAB4E2671AA1A1E500E10C55 /* CoreLocation.framework */ = {isa = PBXFileReference; lastKnownFileType = wrapper.framework; name = CoreLocation.framework; path = System/Library/Frameworks/CoreLocation.framework; sourceTree = SDKROOT; };
		CAB4E2691AA1A1EC00E10C55 /* MobileCoreServices.framework */ = {isa = PBXFileReference; lastKnownFileType = wrapper.framework; name = MobileCoreServices.framework; path = System/Library/Frameworks/MobileCoreServices.framework; sourceTree = SDKROOT; };
		CAB4E26B1AA1A1F300E10C55 /* QuartzCore.framework */ = {isa = PBXFileReference; lastKnownFileType = wrapper.framework; name = QuartzCore.framework; path = System/Library/Frameworks/QuartzCore.framework; sourceTree = SDKROOT; };
		CAB4E26D1AA1A1FF00E10C55 /* Security.framework */ = {isa = PBXFileReference; lastKnownFileType = wrapper.framework; name = Security.framework; path = System/Library/Frameworks/Security.framework; sourceTree = SDKROOT; };
		CAB4E26F1AA1A20600E10C55 /* StoreKit.framework */ = {isa = PBXFileReference; lastKnownFileType = wrapper.framework; name = StoreKit.framework; path = System/Library/Frameworks/StoreKit.framework; sourceTree = SDKROOT; };
		CAB4E2711AA1A20D00E10C55 /* SystemConfiguration.framework */ = {isa = PBXFileReference; lastKnownFileType = wrapper.framework; name = SystemConfiguration.framework; path = System/Library/Frameworks/SystemConfiguration.framework; sourceTree = SDKROOT; };
		CAB4E2731AA1A21200E10C55 /* libz.dylib */ = {isa = PBXFileReference; lastKnownFileType = "compiled.mach-o.dylib"; name = libz.dylib; path = usr/lib/libz.dylib; sourceTree = SDKROOT; };
		CAB4E2751AA1A21E00E10C55 /* libsqlite3.dylib */ = {isa = PBXFileReference; lastKnownFileType = "compiled.mach-o.dylib"; name = libsqlite3.dylib; path = usr/lib/libsqlite3.dylib; sourceTree = SDKROOT; };
		CAB4E2771AA1B2A300E10C55 /* ModalViewController.h */ = {isa = PBXFileReference; fileEncoding = 4; lastKnownFileType = sourcecode.c.h; path = ModalViewController.h; sourceTree = "<group>"; };
		CAB4E2781AA1B2A300E10C55 /* ModalViewController.m */ = {isa = PBXFileReference; fileEncoding = 4; lastKnownFileType = sourcecode.c.objc; path = ModalViewController.m; sourceTree = "<group>"; };
/* End PBXFileReference section */

/* Begin PBXFrameworksBuildPhase section */
		CAB4E2281AA1968B00E10C55 /* Frameworks */ = {
			isa = PBXFrameworksBuildPhase;
			buildActionMask = 2147483647;
			files = (
				CAB4E2761AA1A21E00E10C55 /* libsqlite3.dylib in Frameworks */,
				CAB4E2741AA1A21200E10C55 /* libz.dylib in Frameworks */,
				CAB4E2721AA1A20D00E10C55 /* SystemConfiguration.framework in Frameworks */,
				CAB4E2701AA1A20600E10C55 /* StoreKit.framework in Frameworks */,
				CAB4E26E1AA1A1FF00E10C55 /* Security.framework in Frameworks */,
				CAB4E26C1AA1A1F300E10C55 /* QuartzCore.framework in Frameworks */,
				CAB4E26A1AA1A1EC00E10C55 /* MobileCoreServices.framework in Frameworks */,
				CAB4E2681AA1A1E500E10C55 /* CoreLocation.framework in Frameworks */,
				CAB4E2661AA1A1DE00E10C55 /* CoreGraphics.framework in Frameworks */,
				CAB4E2641AA1A1D200E10C55 /* CFNetwork.framework in Frameworks */,
				CAB4E2621AA1A1A400E10C55 /* AudioToolbox.framework in Frameworks */,
				CAB4E25D1AA1A15B00E10C55 /* Parse.framework in Frameworks */,
				CAB4E25E1AA1A15B00E10C55 /* ParseCrashReporting.framework in Frameworks */,
				CAB4E2601AA1A15B00E10C55 /* ParseUI.framework in Frameworks */,
				CAB4E25F1AA1A15B00E10C55 /* ParseFacebookUtils.framework in Frameworks */,
				CAB4E25C1AA1A15B00E10C55 /* Bolts.framework in Frameworks */,
			);
			runOnlyForDeploymentPostprocessing = 0;
		};
		CAB4E2441AA1968C00E10C55 /* Frameworks */ = {
			isa = PBXFrameworksBuildPhase;
			buildActionMask = 2147483647;
			files = (
			);
			runOnlyForDeploymentPostprocessing = 0;
		};
/* End PBXFrameworksBuildPhase section */

/* Begin PBXGroup section */
		45F0F63E1AA270D400073DF9 /* Old Stuff */ = {
			isa = PBXGroup;
			children = (
				45F0F6321AA1AF3F00073DF9 /* ProductsTableViewCell.h */,
				45F0F6331AA1AF3F00073DF9 /* ProductsTableViewCell.m */,
				45F0F6351AA1B9CC00073DF9 /* ProductViewController.h */,
				45F0F6361AA1B9CC00073DF9 /* ProductViewController.m */,
				45F0F6381AA2542100073DF9 /* PayViewController.h */,
				45F0F6391AA2542100073DF9 /* PayViewController.m */,
				CAB4E2351AA1968B00E10C55 /* FirstViewController.h */,
				CAB4E2361AA1968B00E10C55 /* FirstViewController.m */,
			);
			name = "Old Stuff";
			sourceTree = "<group>";
		};
		CAB4E2221AA1968B00E10C55 = {
			isa = PBXGroup;
			children = (
				CAB4E2751AA1A21E00E10C55 /* libsqlite3.dylib */,
				CAB4E2731AA1A21200E10C55 /* libz.dylib */,
				CAB4E2711AA1A20D00E10C55 /* SystemConfiguration.framework */,
				CAB4E26F1AA1A20600E10C55 /* StoreKit.framework */,
				CAB4E26D1AA1A1FF00E10C55 /* Security.framework */,
				CAB4E26B1AA1A1F300E10C55 /* QuartzCore.framework */,
				CAB4E2691AA1A1EC00E10C55 /* MobileCoreServices.framework */,
				CAB4E2671AA1A1E500E10C55 /* CoreLocation.framework */,
				CAB4E2651AA1A1DE00E10C55 /* CoreGraphics.framework */,
				CAB4E2631AA1A1D200E10C55 /* CFNetwork.framework */,
				CAB4E2611AA1A1A400E10C55 /* AudioToolbox.framework */,
				CAB4E2571AA1A15B00E10C55 /* Bolts.framework */,
				CAB4E2581AA1A15B00E10C55 /* Parse.framework */,
				CAB4E2591AA1A15B00E10C55 /* ParseCrashReporting.framework */,
				CAB4E25A1AA1A15B00E10C55 /* ParseFacebookUtils.framework */,
				CAB4E25B1AA1A15B00E10C55 /* ParseUI.framework */,
				CAB4E22D1AA1968B00E10C55 /* sameDayDelivery */,
				CAB4E24A1AA1968C00E10C55 /* sameDayDeliveryTests */,
				CAB4E22C1AA1968B00E10C55 /* Products */,
			);
			sourceTree = "<group>";
		};
		CAB4E22C1AA1968B00E10C55 /* Products */ = {
			isa = PBXGroup;
			children = (
				CAB4E22B1AA1968B00E10C55 /* sameDayDelivery.app */,
				CAB4E2471AA1968C00E10C55 /* sameDayDeliveryTests.xctest */,
			);
			name = Products;
			sourceTree = "<group>";
		};
		CAB4E22D1AA1968B00E10C55 /* sameDayDelivery */ = {
			isa = PBXGroup;
			children = (
				45F0F63E1AA270D400073DF9 /* Old Stuff */,
				CAB4E2321AA1968B00E10C55 /* AppDelegate.h */,
				CAB4E2331AA1968B00E10C55 /* AppDelegate.m */,
				CAB4E2771AA1B2A300E10C55 /* ModalViewController.h */,
				CAB4E2781AA1B2A300E10C55 /* ModalViewController.m */,
				45F0F63B1AA2709500073DF9 /* MainViewController.h */,
				45F0F63C1AA2709500073DF9 /* MainViewController.m */,
				CAB4E2381AA1968B00E10C55 /* SecondViewController.h */,
				CAB4E2391AA1968B00E10C55 /* SecondViewController.m */,
				45F0F62F1AA19D3E00073DF9 /* ThirdViewController.h */,
				45F0F6301AA19D3E00073DF9 /* ThirdViewController.m */,
				CAB4E23B1AA1968B00E10C55 /* Main.storyboard */,
				CAB4E23E1AA1968C00E10C55 /* Images.xcassets */,
				CAB4E2401AA1968C00E10C55 /* LaunchScreen.xib */,
				CAB4E22E1AA1968B00E10C55 /* Supporting Files */,
			);
			path = sameDayDelivery;
			sourceTree = "<group>";
		};
		CAB4E22E1AA1968B00E10C55 /* Supporting Files */ = {
			isa = PBXGroup;
			children = (
				CAB4E22F1AA1968B00E10C55 /* Info.plist */,
				CAB4E2301AA1968B00E10C55 /* main.m */,
			);
			name = "Supporting Files";
			sourceTree = "<group>";
		};
		CAB4E24A1AA1968C00E10C55 /* sameDayDeliveryTests */ = {
			isa = PBXGroup;
			children = (
				CAB4E24D1AA1968C00E10C55 /* sameDayDeliveryTests.m */,
				CAB4E24B1AA1968C00E10C55 /* Supporting Files */,
			);
			path = sameDayDeliveryTests;
			sourceTree = "<group>";
		};
		CAB4E24B1AA1968C00E10C55 /* Supporting Files */ = {
			isa = PBXGroup;
			children = (
				CAB4E24C1AA1968C00E10C55 /* Info.plist */,
			);
			name = "Supporting Files";
			sourceTree = "<group>";
		};
/* End PBXGroup section */

/* Begin PBXNativeTarget section */
		CAB4E22A1AA1968B00E10C55 /* sameDayDelivery */ = {
			isa = PBXNativeTarget;
			buildConfigurationList = CAB4E2511AA1968C00E10C55 /* Build configuration list for PBXNativeTarget "sameDayDelivery" */;
			buildPhases = (
				CAB4E2271AA1968B00E10C55 /* Sources */,
				CAB4E2281AA1968B00E10C55 /* Frameworks */,
				CAB4E2291AA1968B00E10C55 /* Resources */,
			);
			buildRules = (
			);
			dependencies = (
			);
			name = sameDayDelivery;
			productName = sameDayDelivery;
			productReference = CAB4E22B1AA1968B00E10C55 /* sameDayDelivery.app */;
			productType = "com.apple.product-type.application";
		};
		CAB4E2461AA1968C00E10C55 /* sameDayDeliveryTests */ = {
			isa = PBXNativeTarget;
			buildConfigurationList = CAB4E2541AA1968C00E10C55 /* Build configuration list for PBXNativeTarget "sameDayDeliveryTests" */;
			buildPhases = (
				CAB4E2431AA1968C00E10C55 /* Sources */,
				CAB4E2441AA1968C00E10C55 /* Frameworks */,
				CAB4E2451AA1968C00E10C55 /* Resources */,
			);
			buildRules = (
			);
			dependencies = (
				CAB4E2491AA1968C00E10C55 /* PBXTargetDependency */,
			);
			name = sameDayDeliveryTests;
			productName = sameDayDeliveryTests;
			productReference = CAB4E2471AA1968C00E10C55 /* sameDayDeliveryTests.xctest */;
			productType = "com.apple.product-type.bundle.unit-test";
		};
/* End PBXNativeTarget section */

/* Begin PBXProject section */
		CAB4E2231AA1968B00E10C55 /* Project object */ = {
			isa = PBXProject;
			attributes = {
				LastUpgradeCheck = 0610;
				ORGANIZATIONNAME = "Pavlos Dimitriou";
				TargetAttributes = {
					CAB4E22A1AA1968B00E10C55 = {
						CreatedOnToolsVersion = 6.1.1;
						DevelopmentTeam = 894JHBB748;
					};
					CAB4E2461AA1968C00E10C55 = {
						CreatedOnToolsVersion = 6.1.1;
						TestTargetID = CAB4E22A1AA1968B00E10C55;
					};
				};
			};
			buildConfigurationList = CAB4E2261AA1968B00E10C55 /* Build configuration list for PBXProject "sameDayDelivery" */;
			compatibilityVersion = "Xcode 3.2";
			developmentRegion = English;
			hasScannedForEncodings = 0;
			knownRegions = (
				en,
				Base,
			);
			mainGroup = CAB4E2221AA1968B00E10C55;
			productRefGroup = CAB4E22C1AA1968B00E10C55 /* Products */;
			projectDirPath = "";
			projectRoot = "";
			targets = (
				CAB4E22A1AA1968B00E10C55 /* sameDayDelivery */,
				CAB4E2461AA1968C00E10C55 /* sameDayDeliveryTests */,
			);
		};
/* End PBXProject section */

/* Begin PBXResourcesBuildPhase section */
		CAB4E2291AA1968B00E10C55 /* Resources */ = {
			isa = PBXResourcesBuildPhase;
			buildActionMask = 2147483647;
			files = (
				CAB4E23D1AA1968B00E10C55 /* Main.storyboard in Resources */,
				CAB4E2421AA1968C00E10C55 /* LaunchScreen.xib in Resources */,
				CAB4E23F1AA1968C00E10C55 /* Images.xcassets in Resources */,
			);
			runOnlyForDeploymentPostprocessing = 0;
		};
		CAB4E2451AA1968C00E10C55 /* Resources */ = {
			isa = PBXResourcesBuildPhase;
			buildActionMask = 2147483647;
			files = (
			);
			runOnlyForDeploymentPostprocessing = 0;
		};
/* End PBXResourcesBuildPhase section */

/* Begin PBXSourcesBuildPhase section */
		CAB4E2271AA1968B00E10C55 /* Sources */ = {
			isa = PBXSourcesBuildPhase;
			buildActionMask = 2147483647;
			files = (
				CAB4E23A1AA1968B00E10C55 /* SecondViewController.m in Sources */,
				45F0F63A1AA2542100073DF9 /* PayViewController.m in Sources */,
				45F0F6311AA19D3E00073DF9 /* ThirdViewController.m in Sources */,
				45F0F63D1AA2709500073DF9 /* MainViewController.m in Sources */,
				CAB4E27A1AA1B2A300E10C55 /* ModalViewController.m in Sources */,
				CAB4E2341AA1968B00E10C55 /* AppDelegate.m in Sources */,
				45F0F6341AA1AF3F00073DF9 /* ProductsTableViewCell.m in Sources */,
				CAB4E2371AA1968B00E10C55 /* FirstViewController.m in Sources */,
				CAB4E2311AA1968B00E10C55 /* main.m in Sources */,
				45F0F6371AA1B9CC00073DF9 /* ProductViewController.m in Sources */,
			);
			runOnlyForDeploymentPostprocessing = 0;
		};
		CAB4E2431AA1968C00E10C55 /* Sources */ = {
			isa = PBXSourcesBuildPhase;
			buildActionMask = 2147483647;
			files = (
				CAB4E24E1AA1968C00E10C55 /* sameDayDeliveryTests.m in Sources */,
			);
			runOnlyForDeploymentPostprocessing = 0;
		};
/* End PBXSourcesBuildPhase section */

/* Begin PBXTargetDependency section */
		CAB4E2491AA1968C00E10C55 /* PBXTargetDependency */ = {
			isa = PBXTargetDependency;
			target = CAB4E22A1AA1968B00E10C55 /* sameDayDelivery */;
			targetProxy = CAB4E2481AA1968C00E10C55 /* PBXContainerItemProxy */;
		};
/* End PBXTargetDependency section */

/* Begin PBXVariantGroup section */
		CAB4E23B1AA1968B00E10C55 /* Main.storyboard */ = {
			isa = PBXVariantGroup;
			children = (
				CAB4E23C1AA1968B00E10C55 /* Base */,
			);
			name = Main.storyboard;
			sourceTree = "<group>";
		};
		CAB4E2401AA1968C00E10C55 /* LaunchScreen.xib */ = {
			isa = PBXVariantGroup;
			children = (
				CAB4E2411AA1968C00E10C55 /* Base */,
			);
			name = LaunchScreen.xib;
			sourceTree = "<group>";
		};
/* End PBXVariantGroup section */

/* Begin XCBuildConfiguration section */
		CAB4E24F1AA1968C00E10C55 /* Debug */ = {
			isa = XCBuildConfiguration;
			buildSettings = {
				ALWAYS_SEARCH_USER_PATHS = NO;
				CLANG_CXX_LANGUAGE_STANDARD = "gnu++0x";
				CLANG_CXX_LIBRARY = "libc++";
				CLANG_ENABLE_MODULES = YES;
				CLANG_ENABLE_OBJC_ARC = YES;
				CLANG_WARN_BOOL_CONVERSION = YES;
				CLANG_WARN_CONSTANT_CONVERSION = YES;
				CLANG_WARN_DIRECT_OBJC_ISA_USAGE = YES_ERROR;
				CLANG_WARN_EMPTY_BODY = YES;
				CLANG_WARN_ENUM_CONVERSION = YES;
				CLANG_WARN_INT_CONVERSION = YES;
				CLANG_WARN_OBJC_ROOT_CLASS = YES_ERROR;
				CLANG_WARN_UNREACHABLE_CODE = YES;
				CLANG_WARN__DUPLICATE_METHOD_MATCH = YES;
				"CODE_SIGN_IDENTITY[sdk=iphoneos*]" = "iPhone Developer";
				COPY_PHASE_STRIP = NO;
				ENABLE_STRICT_OBJC_MSGSEND = YES;
				GCC_C_LANGUAGE_STANDARD = gnu99;
				GCC_DYNAMIC_NO_PIC = NO;
				GCC_OPTIMIZATION_LEVEL = 0;
				GCC_PREPROCESSOR_DEFINITIONS = (
					"DEBUG=1",
					"$(inherited)",
				);
				GCC_SYMBOLS_PRIVATE_EXTERN = NO;
				GCC_WARN_64_TO_32_BIT_CONVERSION = YES;
				GCC_WARN_ABOUT_RETURN_TYPE = YES_ERROR;
				GCC_WARN_UNDECLARED_SELECTOR = YES;
				GCC_WARN_UNINITIALIZED_AUTOS = YES_AGGRESSIVE;
				GCC_WARN_UNUSED_FUNCTION = YES;
				GCC_WARN_UNUSED_VARIABLE = YES;
				IPHONEOS_DEPLOYMENT_TARGET = 8.1;
				MTL_ENABLE_DEBUG_INFO = YES;
				ONLY_ACTIVE_ARCH = YES;
				SDKROOT = iphoneos;
			};
			name = Debug;
		};
		CAB4E2501AA1968C00E10C55 /* Release */ = {
			isa = XCBuildConfiguration;
			buildSettings = {
				ALWAYS_SEARCH_USER_PATHS = NO;
				CLANG_CXX_LANGUAGE_STANDARD = "gnu++0x";
				CLANG_CXX_LIBRARY = "libc++";
				CLANG_ENABLE_MODULES = YES;
				CLANG_ENABLE_OBJC_ARC = YES;
				CLANG_WARN_BOOL_CONVERSION = YES;
				CLANG_WARN_CONSTANT_CONVERSION = YES;
				CLANG_WARN_DIRECT_OBJC_ISA_USAGE = YES_ERROR;
				CLANG_WARN_EMPTY_BODY = YES;
				CLANG_WARN_ENUM_CONVERSION = YES;
				CLANG_WARN_INT_CONVERSION = YES;
				CLANG_WARN_OBJC_ROOT_CLASS = YES_ERROR;
				CLANG_WARN_UNREACHABLE_CODE = YES;
				CLANG_WARN__DUPLICATE_METHOD_MATCH = YES;
				"CODE_SIGN_IDENTITY[sdk=iphoneos*]" = "iPhone Developer";
				COPY_PHASE_STRIP = YES;
				ENABLE_NS_ASSERTIONS = NO;
				ENABLE_STRICT_OBJC_MSGSEND = YES;
				GCC_C_LANGUAGE_STANDARD = gnu99;
				GCC_WARN_64_TO_32_BIT_CONVERSION = YES;
				GCC_WARN_ABOUT_RETURN_TYPE = YES_ERROR;
				GCC_WARN_UNDECLARED_SELECTOR = YES;
				GCC_WARN_UNINITIALIZED_AUTOS = YES_AGGRESSIVE;
				GCC_WARN_UNUSED_FUNCTION = YES;
				GCC_WARN_UNUSED_VARIABLE = YES;
				IPHONEOS_DEPLOYMENT_TARGET = 8.1;
				MTL_ENABLE_DEBUG_INFO = NO;
				SDKROOT = iphoneos;
				VALIDATE_PRODUCT = YES;
			};
			name = Release;
		};
		CAB4E2521AA1968C00E10C55 /* Debug */ = {
			isa = XCBuildConfiguration;
			buildSettings = {
				ASSETCATALOG_COMPILER_APPICON_NAME = AppIcon;
				CODE_SIGN_IDENTITY = "iPhone Developer";
				"CODE_SIGN_IDENTITY[sdk=iphoneos*]" = "iPhone Developer";
				FRAMEWORK_SEARCH_PATHS = (
					"$(inherited)",
					"$(PROJECT_DIR)",
				);
				INFOPLIST_FILE = sameDayDelivery/Info.plist;
				LD_RUNPATH_SEARCH_PATHS = "$(inherited) @executable_path/Frameworks";
				PRODUCT_NAME = "$(TARGET_NAME)";
				PROVISIONING_PROFILE = "";
			};
			name = Debug;
		};
		CAB4E2531AA1968C00E10C55 /* Release */ = {
			isa = XCBuildConfiguration;
			buildSettings = {
				ASSETCATALOG_COMPILER_APPICON_NAME = AppIcon;
				CODE_SIGN_IDENTITY = "iPhone Developer";
				"CODE_SIGN_IDENTITY[sdk=iphoneos*]" = "iPhone Developer";
				FRAMEWORK_SEARCH_PATHS = (
					"$(inherited)",
					"$(PROJECT_DIR)",
				);
				INFOPLIST_FILE = sameDayDelivery/Info.plist;
				LD_RUNPATH_SEARCH_PATHS = "$(inherited) @executable_path/Frameworks";
				PRODUCT_NAME = "$(TARGET_NAME)";
				PROVISIONING_PROFILE = "";
			};
			name = Release;
		};
		CAB4E2551AA1968C00E10C55 /* Debug */ = {
			isa = XCBuildConfiguration;
			buildSettings = {
				BUNDLE_LOADER = "$(TEST_HOST)";
				FRAMEWORK_SEARCH_PATHS = (
					"$(SDKROOT)/Developer/Library/Frameworks",
					"$(inherited)",
				);
				GCC_PREPROCESSOR_DEFINITIONS = (
					"DEBUG=1",
					"$(inherited)",
				);
				INFOPLIST_FILE = sameDayDeliveryTests/Info.plist;
				LD_RUNPATH_SEARCH_PATHS = "$(inherited) @executable_path/Frameworks @loader_path/Frameworks";
				PRODUCT_NAME = "$(TARGET_NAME)";
				TEST_HOST = "$(BUILT_PRODUCTS_DIR)/sameDayDelivery.app/sameDayDelivery";
			};
			name = Debug;
		};
		CAB4E2561AA1968C00E10C55 /* Release */ = {
			isa = XCBuildConfiguration;
			buildSettings = {
				BUNDLE_LOADER = "$(TEST_HOST)";
				FRAMEWORK_SEARCH_PATHS = (
					"$(SDKROOT)/Developer/Library/Frameworks",
					"$(inherited)",
				);
				INFOPLIST_FILE = sameDayDeliveryTests/Info.plist;
				LD_RUNPATH_SEARCH_PATHS = "$(inherited) @executable_path/Frameworks @loader_path/Frameworks";
				PRODUCT_NAME = "$(TARGET_NAME)";
				TEST_HOST = "$(BUILT_PRODUCTS_DIR)/sameDayDelivery.app/sameDayDelivery";
			};
			name = Release;
		};
/* End XCBuildConfiguration section */

/* Begin XCConfigurationList section */
		CAB4E2261AA1968B00E10C55 /* Build configuration list for PBXProject "sameDayDelivery" */ = {
			isa = XCConfigurationList;
			buildConfigurations = (
				CAB4E24F1AA1968C00E10C55 /* Debug */,
				CAB4E2501AA1968C00E10C55 /* Release */,
			);
			defaultConfigurationIsVisible = 0;
			defaultConfigurationName = Release;
		};
		CAB4E2511AA1968C00E10C55 /* Build configuration list for PBXNativeTarget "sameDayDelivery" */ = {
			isa = XCConfigurationList;
			buildConfigurations = (
				CAB4E2521AA1968C00E10C55 /* Debug */,
				CAB4E2531AA1968C00E10C55 /* Release */,
			);
			defaultConfigurationIsVisible = 0;
			defaultConfigurationName = Release;
		};
		CAB4E2541AA1968C00E10C55 /* Build configuration list for PBXNativeTarget "sameDayDeliveryTests" */ = {
			isa = XCConfigurationList;
			buildConfigurations = (
				CAB4E2551AA1968C00E10C55 /* Debug */,
				CAB4E2561AA1968C00E10C55 /* Release */,
			);
			defaultConfigurationIsVisible = 0;
			defaultConfigurationName = Release;
		};
/* End XCConfigurationList section */
	};
	rootObject = CAB4E2231AA1968B00E10C55 /* Project object */;
}
